<?xml version="1.0" encoding="UTF-8"?>
<Scheme
   version = "1.3">
   <BuildAction>
      <BuildActionEntries>
         <BuildActionEntry
            buildForRunning = "YES">
            <BuildableReference
               BuildableIdentifier = "primary"
               BlueprintIdentifier = "261EF680297EF324008783BE"
               BuildableName = "ProyectoSideMenuMapasJC.app"
               BlueprintName = "ProyectoSideMenuMapasJC"
               ReferencedContainer = "container:ProyectoSideMenuMapasJC.xcodeproj">
            </BuildableReference>
         </BuildActionEntry>
      </BuildActionEntries>
   </BuildAction>
   <LaunchAction
      useCustomWorkingDirectory = "NO"
      buildConfiguration = "Debug"
      allowLocationSimulation = "YES">
      <BuildableProductRunnable>
         <BuildableReference
            BuildableIdentifier = "primary"
            BlueprintIdentifier = "261EF680297EF324008783BE"
            BuildableName = "ProyectoSideMenuMapasJC.app"
            BlueprintName = "ProyectoSideMenuMapasJC"
            ReferencedContainer = "container:ProyectoSideMenuMapasJC.xcodeproj">
         </BuildableReference>
      </BuildableProductRunnable>
   </LaunchAction>
</Scheme>
